
Microsoft Visual Studio Solution File, Format Version 12.00
# Visual Studio Version 16
VisualStudioVersion = 16.0.30804.86
MinimumVisualStudioVersion = 10.0.40219.1
Project("{FAE04EC0-301F-11D3-BF4B-00C04F79EFBC}") = "MinhasTarefasAPI", "MinhasTarefasAPI\MinhasTarefasAPI.csproj", "{A62262CE-813A-4340-AA26-1E5DEBF682BE}"
EndProject
Global
	GlobalSection(SolutionConfigurationPlatforms) = preSolution
		Debug|Any CPU = Debug|Any CPU
		Release|Any CPU = Release|Any CPU
	EndGlobalSection
	GlobalSection(ProjectConfigurationPlatforms) = postSolution
		{A62262CE-813A-4340-AA26-1E5DEBF682BE}.Debug|Any CPU.ActiveCfg = Debug|Any CPU
		{A62262CE-813A-4340-AA26-1E5DEBF682BE}.Debug|Any CPU.Build.0 = Debug|Any CPU
		{A62262CE-813A-4340-AA26-1E5DEBF682BE}.Release|Any CPU.ActiveCfg = Release|Any CPU
		{A62262CE-813A-4340-AA26-1E5DEBF682BE}.Release|Any CPU.Build.0 = Release|Any CPU
	EndGlobalSection
	GlobalSection(SolutionProperties) = preSolution
		HideSolutionNode = FALSE
	EndGlobalSection
	GlobalSection(ExtensibilityGlobals) = postSolution
		SolutionGuid = {C975A8E8-EB66-444E-9747-F115051E571E}
	EndGlobalSection
EndGlobal
